// !$*UTF8*$!
{
	archiveVersion = 1;
	classes = {
	};
	objectVersion = 46;
	objects = {

/* Begin PBXBuildFile section */
		3E0027CE1EC3C7860050B4AC /* AppDelegate.swift in Sources */ = {isa = PBXBuildFile; fileRef = 3E0027CD1EC3C7860050B4AC /* AppDelegate.swift */; };
		3E0027D01EC3C7860050B4AC /* ViewController.swift in Sources */ = {isa = PBXBuildFile; fileRef = 3E0027CF1EC3C7860050B4AC /* ViewController.swift */; };
		3E0027D31EC3C7870050B4AC /* Main.storyboard in Resources */ = {isa = PBXBuildFile; fileRef = 3E0027D11EC3C7870050B4AC /* Main.storyboard */; };
		3E0027D51EC3C7870050B4AC /* Assets.xcassets in Resources */ = {isa = PBXBuildFile; fileRef = 3E0027D41EC3C7870050B4AC /* Assets.xcassets */; };
		3E0027D81EC3C7870050B4AC /* LaunchScreen.storyboard in Resources */ = {isa = PBXBuildFile; fileRef = 3E0027D61EC3C7870050B4AC /* LaunchScreen.storyboard */; };
		3E0027E31EC3C7870050B4AC /* voicebank_ios_wrapperTests.swift in Sources */ = {isa = PBXBuildFile; fileRef = 3E0027E21EC3C7870050B4AC /* voicebank_ios_wrapperTests.swift */; };
		3E0027EE1EC3C7870050B4AC /* voicebank_ios_wrapperUITests.swift in Sources */ = {isa = PBXBuildFile; fileRef = 3E0027ED1EC3C7870050B4AC /* voicebank_ios_wrapperUITests.swift */; };
		3E42BC791ECA43B8002E3CDA /* Recorder.swift in Sources */ = {isa = PBXBuildFile; fileRef = 3E42BC781ECA43B8002E3CDA /* Recorder.swift */; };
		3EC11D911EF45B6D00589896 /* BrowserViewController.swift in Sources */ = {isa = PBXBuildFile; fileRef = 3EC11D901EF45B6D00589896 /* BrowserViewController.swift */; };
		3EE991BC1ED8B81800432FC5 /* Reachability.swift in Sources */ = {isa = PBXBuildFile; fileRef = 3EE991BB1ED8B81800432FC5 /* Reachability.swift */; };
/* End PBXBuildFile section */

/* Begin PBXContainerItemProxy section */
		3E0027DF1EC3C7870050B4AC /* PBXContainerItemProxy */ = {
			isa = PBXContainerItemProxy;
			containerPortal = 3E0027C21EC3C7860050B4AC /* Project object */;
			proxyType = 1;
			remoteGlobalIDString = 3E0027C91EC3C7860050B4AC;
			remoteInfo = "voicebank-ios-wrapper";
		};
		3E0027EA1EC3C7870050B4AC /* PBXContainerItemProxy */ = {
			isa = PBXContainerItemProxy;
			containerPortal = 3E0027C21EC3C7860050B4AC /* Project object */;
			proxyType = 1;
			remoteGlobalIDString = 3E0027C91EC3C7860050B4AC;
			remoteInfo = "voicebank-ios-wrapper";
		};
/* End PBXContainerItemProxy section */

/* Begin PBXFileReference section */
		3E0027CA1EC3C7860050B4AC /* voicebank-ios-wrapper.app */ = {isa = PBXFileReference; explicitFileType = wrapper.application; includeInIndex = 0; path = "voicebank-ios-wrapper.app"; sourceTree = BUILT_PRODUCTS_DIR; };
		3E0027CD1EC3C7860050B4AC /* AppDelegate.swift */ = {isa = PBXFileReference; lastKnownFileType = sourcecode.swift; path = AppDelegate.swift; sourceTree = "<group>"; };
		3E0027CF1EC3C7860050B4AC /* ViewController.swift */ = {isa = PBXFileReference; lastKnownFileType = sourcecode.swift; path = ViewController.swift; sourceTree = "<group>"; };
		3E0027D21EC3C7870050B4AC /* Base */ = {isa = PBXFileReference; lastKnownFileType = file.storyboard; name = Base; path = Base.lproj/Main.storyboard; sourceTree = "<group>"; };
		3E0027D41EC3C7870050B4AC /* Assets.xcassets */ = {isa = PBXFileReference; lastKnownFileType = folder.assetcatalog; path = Assets.xcassets; sourceTree = "<group>"; };
		3E0027D71EC3C7870050B4AC /* Base */ = {isa = PBXFileReference; lastKnownFileType = file.storyboard; name = Base; path = Base.lproj/LaunchScreen.storyboard; sourceTree = "<group>"; };
		3E0027D91EC3C7870050B4AC /* Info.plist */ = {isa = PBXFileReference; lastKnownFileType = text.plist.xml; path = Info.plist; sourceTree = "<group>"; };
		3E0027DE1EC3C7870050B4AC /* voicebank-ios-wrapperTests.xctest */ = {isa = PBXFileReference; explicitFileType = wrapper.cfbundle; includeInIndex = 0; path = "voicebank-ios-wrapperTests.xctest"; sourceTree = BUILT_PRODUCTS_DIR; };
		3E0027E21EC3C7870050B4AC /* voicebank_ios_wrapperTests.swift */ = {isa = PBXFileReference; lastKnownFileType = sourcecode.swift; path = voicebank_ios_wrapperTests.swift; sourceTree = "<group>"; };
		3E0027E41EC3C7870050B4AC /* Info.plist */ = {isa = PBXFileReference; lastKnownFileType = text.plist.xml; path = Info.plist; sourceTree = "<group>"; };
		3E0027E91EC3C7870050B4AC /* voicebank-ios-wrapperUITests.xctest */ = {isa = PBXFileReference; explicitFileType = wrapper.cfbundle; includeInIndex = 0; path = "voicebank-ios-wrapperUITests.xctest"; sourceTree = BUILT_PRODUCTS_DIR; };
		3E0027ED1EC3C7870050B4AC /* voicebank_ios_wrapperUITests.swift */ = {isa = PBXFileReference; lastKnownFileType = sourcecode.swift; path = voicebank_ios_wrapperUITests.swift; sourceTree = "<group>"; };
		3E0027EF1EC3C7870050B4AC /* Info.plist */ = {isa = PBXFileReference; lastKnownFileType = text.plist.xml; path = Info.plist; sourceTree = "<group>"; };
		3E42BC781ECA43B8002E3CDA /* Recorder.swift */ = {isa = PBXFileReference; fileEncoding = 4; lastKnownFileType = sourcecode.swift; path = Recorder.swift; sourceTree = "<group>"; };
		3EC11D901EF45B6D00589896 /* BrowserViewController.swift */ = {isa = PBXFileReference; fileEncoding = 4; lastKnownFileType = sourcecode.swift; path = BrowserViewController.swift; sourceTree = "<group>"; };
		3EE991BB1ED8B81800432FC5 /* Reachability.swift */ = {isa = PBXFileReference; fileEncoding = 4; lastKnownFileType = sourcecode.swift; path = Reachability.swift; sourceTree = "<group>"; };
/* End PBXFileReference section */

/* Begin PBXFrameworksBuildPhase section */
		3E0027C71EC3C7860050B4AC /* Frameworks */ = {
			isa = PBXFrameworksBuildPhase;
			buildActionMask = 2147483647;
			files = (
			);
			runOnlyForDeploymentPostprocessing = 0;
		};
		3E0027DB1EC3C7870050B4AC /* Frameworks */ = {
			isa = PBXFrameworksBuildPhase;
			buildActionMask = 2147483647;
			files = (
			);
			runOnlyForDeploymentPostprocessing = 0;
		};
		3E0027E61EC3C7870050B4AC /* Frameworks */ = {
			isa = PBXFrameworksBuildPhase;
			buildActionMask = 2147483647;
			files = (
			);
			runOnlyForDeploymentPostprocessing = 0;
		};
/* End PBXFrameworksBuildPhase section */

/* Begin PBXGroup section */
		3E0027C11EC3C7860050B4AC = {
			isa = PBXGroup;
			children = (
				3E0027CC1EC3C7860050B4AC /* voicebank-ios-wrapper */,
				3E0027E11EC3C7870050B4AC /* voicebank-ios-wrapperTests */,
				3E0027EC1EC3C7870050B4AC /* voicebank-ios-wrapperUITests */,
				3E0027CB1EC3C7860050B4AC /* Products */,
			);
			sourceTree = "<group>";
		};
		3E0027CB1EC3C7860050B4AC /* Products */ = {
			isa = PBXGroup;
			children = (
				3E0027CA1EC3C7860050B4AC /* voicebank-ios-wrapper.app */,
				3E0027DE1EC3C7870050B4AC /* voicebank-ios-wrapperTests.xctest */,
				3E0027E91EC3C7870050B4AC /* voicebank-ios-wrapperUITests.xctest */,
			);
			name = Products;
			sourceTree = "<group>";
		};
		3E0027CC1EC3C7860050B4AC /* voicebank-ios-wrapper */ = {
			isa = PBXGroup;
			children = (
				3E0027CD1EC3C7860050B4AC /* AppDelegate.swift */,
				3E0027CF1EC3C7860050B4AC /* ViewController.swift */,
				3E0027D11EC3C7870050B4AC /* Main.storyboard */,
				3E0027D41EC3C7870050B4AC /* Assets.xcassets */,
				3E0027D61EC3C7870050B4AC /* LaunchScreen.storyboard */,
				3E0027D91EC3C7870050B4AC /* Info.plist */,
				3E42BC781ECA43B8002E3CDA /* Recorder.swift */,
				3EE991BB1ED8B81800432FC5 /* Reachability.swift */,
				3EC11D901EF45B6D00589896 /* BrowserViewController.swift */,
			);
			path = "voicebank-ios-wrapper";
			sourceTree = "<group>";
		};
		3E0027E11EC3C7870050B4AC /* voicebank-ios-wrapperTests */ = {
			isa = PBXGroup;
			children = (
				3E0027E21EC3C7870050B4AC /* voicebank_ios_wrapperTests.swift */,
				3E0027E41EC3C7870050B4AC /* Info.plist */,
			);
			path = "voicebank-ios-wrapperTests";
			sourceTree = "<group>";
		};
		3E0027EC1EC3C7870050B4AC /* voicebank-ios-wrapperUITests */ = {
			isa = PBXGroup;
			children = (
				3E0027ED1EC3C7870050B4AC /* voicebank_ios_wrapperUITests.swift */,
				3E0027EF1EC3C7870050B4AC /* Info.plist */,
			);
			path = "voicebank-ios-wrapperUITests";
			sourceTree = "<group>";
		};
/* End PBXGroup section */

/* Begin PBXNativeTarget section */
		3E0027C91EC3C7860050B4AC /* voicebank-ios-wrapper */ = {
			isa = PBXNativeTarget;
			buildConfigurationList = 3E0027F21EC3C7870050B4AC /* Build configuration list for PBXNativeTarget "voicebank-ios-wrapper" */;
			buildPhases = (
				3E0027C61EC3C7860050B4AC /* Sources */,
				3E0027C71EC3C7860050B4AC /* Frameworks */,
				3E0027C81EC3C7860050B4AC /* Resources */,
			);
			buildRules = (
			);
			dependencies = (
			);
			name = "voicebank-ios-wrapper";
			productName = "voicebank-ios-wrapper";
			productReference = 3E0027CA1EC3C7860050B4AC /* voicebank-ios-wrapper.app */;
			productType = "com.apple.product-type.application";
		};
		3E0027DD1EC3C7870050B4AC /* voicebank-ios-wrapperTests */ = {
			isa = PBXNativeTarget;
			buildConfigurationList = 3E0027F51EC3C7870050B4AC /* Build configuration list for PBXNativeTarget "voicebank-ios-wrapperTests" */;
			buildPhases = (
				3E0027DA1EC3C7870050B4AC /* Sources */,
				3E0027DB1EC3C7870050B4AC /* Frameworks */,
				3E0027DC1EC3C7870050B4AC /* Resources */,
			);
			buildRules = (
			);
			dependencies = (
				3E0027E01EC3C7870050B4AC /* PBXTargetDependency */,
			);
			name = "voicebank-ios-wrapperTests";
			productName = "voicebank-ios-wrapperTests";
			productReference = 3E0027DE1EC3C7870050B4AC /* voicebank-ios-wrapperTests.xctest */;
			productType = "com.apple.product-type.bundle.unit-test";
		};
		3E0027E81EC3C7870050B4AC /* voicebank-ios-wrapperUITests */ = {
			isa = PBXNativeTarget;
			buildConfigurationList = 3E0027F81EC3C7870050B4AC /* Build configuration list for PBXNativeTarget "voicebank-ios-wrapperUITests" */;
			buildPhases = (
				3E0027E51EC3C7870050B4AC /* Sources */,
				3E0027E61EC3C7870050B4AC /* Frameworks */,
				3E0027E71EC3C7870050B4AC /* Resources */,
			);
			buildRules = (
			);
			dependencies = (
				3E0027EB1EC3C7870050B4AC /* PBXTargetDependency */,
			);
			name = "voicebank-ios-wrapperUITests";
			productName = "voicebank-ios-wrapperUITests";
			productReference = 3E0027E91EC3C7870050B4AC /* voicebank-ios-wrapperUITests.xctest */;
			productType = "com.apple.product-type.bundle.ui-testing";
		};
/* End PBXNativeTarget section */

/* Begin PBXProject section */
		3E0027C21EC3C7860050B4AC /* Project object */ = {
			isa = PBXProject;
			attributes = {
				LastSwiftUpdateCheck = 0830;
				LastUpgradeCheck = 0830;
				ORGANIZATIONNAME = "Andre Natal";
				TargetAttributes = {
					3E0027C91EC3C7860050B4AC = {
						CreatedOnToolsVersion = 8.3.2;
						DevelopmentTeam = EL6XVK58NU;
						ProvisioningStyle = Automatic;
					};
					3E0027DD1EC3C7870050B4AC = {
						CreatedOnToolsVersion = 8.3.2;
						DevelopmentTeam = EL6XVK58NU;
						ProvisioningStyle = Automatic;
						TestTargetID = 3E0027C91EC3C7860050B4AC;
					};
					3E0027E81EC3C7870050B4AC = {
						CreatedOnToolsVersion = 8.3.2;
						DevelopmentTeam = EL6XVK58NU;
						ProvisioningStyle = Automatic;
						TestTargetID = 3E0027C91EC3C7860050B4AC;
					};
				};
			};
			buildConfigurationList = 3E0027C51EC3C7860050B4AC /* Build configuration list for PBXProject "voicebank-ios-wrapper" */;
			compatibilityVersion = "Xcode 3.2";
			developmentRegion = English;
			hasScannedForEncodings = 0;
			knownRegions = (
				en,
				Base,
			);
			mainGroup = 3E0027C11EC3C7860050B4AC;
			productRefGroup = 3E0027CB1EC3C7860050B4AC /* Products */;
			projectDirPath = "";
			projectRoot = "";
			targets = (
				3E0027C91EC3C7860050B4AC /* voicebank-ios-wrapper */,
				3E0027DD1EC3C7870050B4AC /* voicebank-ios-wrapperTests */,
				3E0027E81EC3C7870050B4AC /* voicebank-ios-wrapperUITests */,
			);
		};
/* End PBXProject section */

/* Begin PBXResourcesBuildPhase section */
		3E0027C81EC3C7860050B4AC /* Resources */ = {
			isa = PBXResourcesBuildPhase;
			buildActionMask = 2147483647;
			files = (
				3E0027D81EC3C7870050B4AC /* LaunchScreen.storyboard in Resources */,
				3E0027D51EC3C7870050B4AC /* Assets.xcassets in Resources */,
				3E0027D31EC3C7870050B4AC /* Main.storyboard in Resources */,
			);
			runOnlyForDeploymentPostprocessing = 0;
		};
		3E0027DC1EC3C7870050B4AC /* Resources */ = {
			isa = PBXResourcesBuildPhase;
			buildActionMask = 2147483647;
			files = (
			);
			runOnlyForDeploymentPostprocessing = 0;
		};
		3E0027E71EC3C7870050B4AC /* Resources */ = {
			isa = PBXResourcesBuildPhase;
			buildActionMask = 2147483647;
			files = (
			);
			runOnlyForDeploymentPostprocessing = 0;
		};
/* End PBXResourcesBuildPhase section */

/* Begin PBXSourcesBuildPhase section */
		3E0027C61EC3C7860050B4AC /* Sources */ = {
			isa = PBXSourcesBuildPhase;
			buildActionMask = 2147483647;
			files = (
				3E42BC791ECA43B8002E3CDA /* Recorder.swift in Sources */,
				3E0027D01EC3C7860050B4AC /* ViewController.swift in Sources */,
				3EC11D911EF45B6D00589896 /* BrowserViewController.swift in Sources */,
				3EE991BC1ED8B81800432FC5 /* Reachability.swift in Sources */,
				3E0027CE1EC3C7860050B4AC /* AppDelegate.swift in Sources */,
			);
			runOnlyForDeploymentPostprocessing = 0;
		};
		3E0027DA1EC3C7870050B4AC /* Sources */ = {
			isa = PBXSourcesBuildPhase;
			buildActionMask = 2147483647;
			files = (
				3E0027E31EC3C7870050B4AC /* voicebank_ios_wrapperTests.swift in Sources */,
			);
			runOnlyForDeploymentPostprocessing = 0;
		};
		3E0027E51EC3C7870050B4AC /* Sources */ = {
			isa = PBXSourcesBuildPhase;
			buildActionMask = 2147483647;
			files = (
				3E0027EE1EC3C7870050B4AC /* voicebank_ios_wrapperUITests.swift in Sources */,
			);
			runOnlyForDeploymentPostprocessing = 0;
		};
/* End PBXSourcesBuildPhase section */

/* Begin PBXTargetDependency section */
		3E0027E01EC3C7870050B4AC /* PBXTargetDependency */ = {
			isa = PBXTargetDependency;
			target = 3E0027C91EC3C7860050B4AC /* voicebank-ios-wrapper */;
			targetProxy = 3E0027DF1EC3C7870050B4AC /* PBXContainerItemProxy */;
		};
		3E0027EB1EC3C7870050B4AC /* PBXTargetDependency */ = {
			isa = PBXTargetDependency;
			target = 3E0027C91EC3C7860050B4AC /* voicebank-ios-wrapper */;
			targetProxy = 3E0027EA1EC3C7870050B4AC /* PBXContainerItemProxy */;
		};
/* End PBXTargetDependency section */

/* Begin PBXVariantGroup section */
		3E0027D11EC3C7870050B4AC /* Main.storyboard */ = {
			isa = PBXVariantGroup;
			children = (
				3E0027D21EC3C7870050B4AC /* Base */,
			);
			name = Main.storyboard;
			sourceTree = "<group>";
		};
		3E0027D61EC3C7870050B4AC /* LaunchScreen.storyboard */ = {
			isa = PBXVariantGroup;
			children = (
				3E0027D71EC3C7870050B4AC /* Base */,
			);
			name = LaunchScreen.storyboard;
			sourceTree = "<group>";
		};
/* End PBXVariantGroup section */

/* Begin XCBuildConfiguration section */
		3E0027F01EC3C7870050B4AC /* Debug */ = {
			isa = XCBuildConfiguration;
			buildSettings = {
				ALWAYS_SEARCH_USER_PATHS = NO;
				CLANG_ANALYZER_NONNULL = YES;
				CLANG_ANALYZER_NUMBER_OBJECT_CONVERSION = YES_AGGRESSIVE;
				CLANG_CXX_LANGUAGE_STANDARD = "gnu++0x";
				CLANG_CXX_LIBRARY = "libc++";
				CLANG_ENABLE_MODULES = YES;
				CLANG_ENABLE_OBJC_ARC = YES;
				CLANG_WARN_BOOL_CONVERSION = YES;
				CLANG_WARN_CONSTANT_CONVERSION = YES;
				CLANG_WARN_DIRECT_OBJC_ISA_USAGE = YES_ERROR;
				CLANG_WARN_DOCUMENTATION_COMMENTS = YES;
				CLANG_WARN_EMPTY_BODY = YES;
				CLANG_WARN_ENUM_CONVERSION = YES;
				CLANG_WARN_INFINITE_RECURSION = YES;
				CLANG_WARN_INT_CONVERSION = YES;
				CLANG_WARN_OBJC_ROOT_CLASS = YES_ERROR;
				CLANG_WARN_SUSPICIOUS_MOVE = YES;
				CLANG_WARN_UNREACHABLE_CODE = YES;
				CLANG_WARN__DUPLICATE_METHOD_MATCH = YES;
				"CODE_SIGN_IDENTITY[sdk=iphoneos*]" = "iPhone Developer";
				COPY_PHASE_STRIP = NO;
				DEBUG_INFORMATION_FORMAT = dwarf;
				ENABLE_STRICT_OBJC_MSGSEND = YES;
				ENABLE_TESTABILITY = YES;
				GCC_C_LANGUAGE_STANDARD = gnu99;
				GCC_DYNAMIC_NO_PIC = NO;
				GCC_NO_COMMON_BLOCKS = YES;
				GCC_OPTIMIZATION_LEVEL = 0;
				GCC_PREPROCESSOR_DEFINITIONS = (
					"DEBUG=1",
					"$(inherited)",
				);
				GCC_WARN_64_TO_32_BIT_CONVERSION = YES;
				GCC_WARN_ABOUT_RETURN_TYPE = YES_ERROR;
				GCC_WARN_UNDECLARED_SELECTOR = YES;
				GCC_WARN_UNINITIALIZED_AUTOS = YES_AGGRESSIVE;
				GCC_WARN_UNUSED_FUNCTION = YES;
				GCC_WARN_UNUSED_VARIABLE = YES;
				IPHONEOS_DEPLOYMENT_TARGET = 10.0;
				MTL_ENABLE_DEBUG_INFO = YES;
				ONLY_ACTIVE_ARCH = YES;
				SDKROOT = iphoneos;
				SWIFT_ACTIVE_COMPILATION_CONDITIONS = DEBUG;
				SWIFT_OPTIMIZATION_LEVEL = "-Onone";
			};
			name = Debug;
		};
		3E0027F11EC3C7870050B4AC /* Release */ = {
			isa = XCBuildConfiguration;
			buildSettings = {
				ALWAYS_SEARCH_USER_PATHS = NO;
				CLANG_ANALYZER_NONNULL = YES;
				CLANG_ANALYZER_NUMBER_OBJECT_CONVERSION = YES_AGGRESSIVE;
				CLANG_CXX_LANGUAGE_STANDARD = "gnu++0x";
				CLANG_CXX_LIBRARY = "libc++";
				CLANG_ENABLE_MODULES = YES;
				CLANG_ENABLE_OBJC_ARC = YES;
				CLANG_WARN_BOOL_CONVERSION = YES;
				CLANG_WARN_CONSTANT_CONVERSION = YES;
				CLANG_WARN_DIRECT_OBJC_ISA_USAGE = YES_ERROR;
				CLANG_WARN_DOCUMENTATION_COMMENTS = YES;
				CLANG_WARN_EMPTY_BODY = YES;
				CLANG_WARN_ENUM_CONVERSION = YES;
				CLANG_WARN_INFINITE_RECURSION = YES;
				CLANG_WARN_INT_CONVERSION = YES;
				CLANG_WARN_OBJC_ROOT_CLASS = YES_ERROR;
				CLANG_WARN_SUSPICIOUS_MOVE = YES;
				CLANG_WARN_UNREACHABLE_CODE = YES;
				CLANG_WARN__DUPLICATE_METHOD_MATCH = YES;
				"CODE_SIGN_IDENTITY[sdk=iphoneos*]" = "iPhone Developer";
				COPY_PHASE_STRIP = NO;
				DEBUG_INFORMATION_FORMAT = "dwarf-with-dsym";
				ENABLE_NS_ASSERTIONS = NO;
				ENABLE_STRICT_OBJC_MSGSEND = YES;
				GCC_C_LANGUAGE_STANDARD = gnu99;
				GCC_NO_COMMON_BLOCKS = YES;
				GCC_WARN_64_TO_32_BIT_CONVERSION = YES;
				GCC_WARN_ABOUT_RETURN_TYPE = YES_ERROR;
				GCC_WARN_UNDECLARED_SELECTOR = YES;
				GCC_WARN_UNINITIALIZED_AUTOS = YES_AGGRESSIVE;
				GCC_WARN_UNUSED_FUNCTION = YES;
				GCC_WARN_UNUSED_VARIABLE = YES;
				IPHONEOS_DEPLOYMENT_TARGET = 10.0;
				MTL_ENABLE_DEBUG_INFO = NO;
				SDKROOT = iphoneos;
				SWIFT_OPTIMIZATION_LEVEL = "-Owholemodule";
				VALIDATE_PRODUCT = YES;
			};
			name = Release;
		};
		3E0027F31EC3C7870050B4AC /* Debug */ = {
			isa = XCBuildConfiguration;
			buildSettings = {
				ASSETCATALOG_COMPILER_APPICON_NAME = AppIcon;
				DEVELOPMENT_TEAM = EL6XVK58NU;
				INFOPLIST_FILE = "voicebank-ios-wrapper/Info.plist";
				IPHONEOS_DEPLOYMENT_TARGET = 10.0;
				LD_RUNPATH_SEARCH_PATHS = "$(inherited) @executable_path/Frameworks";
				PRODUCT_BUNDLE_IDENTIFIER = org.mozilla.ios.VoiceCommons;
				PRODUCT_NAME = "$(TARGET_NAME)";
				SWIFT_VERSION = 3.0;
				TARGETED_DEVICE_FAMILY = "1,2";
			};
			name = Debug;
		};
		3E0027F41EC3C7870050B4AC /* Release */ = {
			isa = XCBuildConfiguration;
			buildSettings = {
				ASSETCATALOG_COMPILER_APPICON_NAME = AppIcon;
				DEVELOPMENT_TEAM = EL6XVK58NU;
				INFOPLIST_FILE = "voicebank-ios-wrapper/Info.plist";
				IPHONEOS_DEPLOYMENT_TARGET = 10.0;
				LD_RUNPATH_SEARCH_PATHS = "$(inherited) @executable_path/Frameworks";
				PRODUCT_BUNDLE_IDENTIFIER = org.mozilla.ios.VoiceCommons;
				PRODUCT_NAME = "$(TARGET_NAME)";
				SWIFT_VERSION = 3.0;
				TARGETED_DEVICE_FAMILY = "1,2";
			};
			name = Release;
		};
		3E0027F61EC3C7870050B4AC /* Debug */ = {
			isa = XCBuildConfiguration;
			buildSettings = {
				ALWAYS_EMBED_SWIFT_STANDARD_LIBRARIES = YES;
				BUNDLE_LOADER = "$(TEST_HOST)";
				DEVELOPMENT_TEAM = EL6XVK58NU;
				INFOPLIST_FILE = "voicebank-ios-wrapperTests/Info.plist";
				LD_RUNPATH_SEARCH_PATHS = "$(inherited) @executable_path/Frameworks @loader_path/Frameworks";
				PRODUCT_BUNDLE_IDENTIFIER = "com.andre.voicebank-ios-wrapperTests";
				PRODUCT_NAME = "$(TARGET_NAME)";
				SWIFT_VERSION = 3.0;
				TEST_HOST = "$(BUILT_PRODUCTS_DIR)/voicebank-ios-wrapper.app/voicebank-ios-wrapper";
			};
			name = Debug;
		};
		3E0027F71EC3C7870050B4AC /* Release */ = {
			isa = XCBuildConfiguration;
			buildSettings = {
				ALWAYS_EMBED_SWIFT_STANDARD_LIBRARIES = YES;
				BUNDLE_LOADER = "$(TEST_HOST)";
				DEVELOPMENT_TEAM = EL6XVK58NU;
				INFOPLIST_FILE = "voicebank-ios-wrapperTests/Info.plist";
				LD_RUNPATH_SEARCH_PATHS = "$(inherited) @executable_path/Frameworks @loader_path/Frameworks";
				PRODUCT_BUNDLE_IDENTIFIER = "com.andre.voicebank-ios-wrapperTests";
				PRODUCT_NAME = "$(TARGET_NAME)";
				SWIFT_VERSION = 3.0;
				TEST_HOST = "$(BUILT_PRODUCTS_DIR)/voicebank-ios-wrapper.app/voicebank-ios-wrapper";
			};
			name = Release;
		};
		3E0027F91EC3C7870050B4AC /* Debug */ = {
			isa = XCBuildConfiguration;
			buildSettings = {
				ALWAYS_EMBED_SWIFT_STANDARD_LIBRARIES = YES;
				DEVELOPMENT_TEAM = EL6XVK58NU;
				INFOPLIST_FILE = "voicebank-ios-wrapperUITests/Info.plist";
				LD_RUNPATH_SEARCH_PATHS = "$(inherited) @executable_path/Frameworks @loader_path/Frameworks";
				PRODUCT_BUNDLE_IDENTIFIER = "com.andre.voicebank-ios-wrapperUITests";
				PRODUCT_NAME = "$(TARGET_NAME)";
				SWIFT_VERSION = 3.0;
				TEST_TARGET_NAME = "voicebank-ios-wrapper";
			};
			name = Debug;
		};
		3E0027FA1EC3C7870050B4AC /* Release */ = {
			isa = XCBuildConfiguration;
			buildSettings = {
				ALWAYS_EMBED_SWIFT_STANDARD_LIBRARIES = YES;
				DEVELOPMENT_TEAM = EL6XVK58NU;
				INFOPLIST_FILE = "voicebank-ios-wrapperUITests/Info.plist";
				LD_RUNPATH_SEARCH_PATHS = "$(inherited) @executable_path/Frameworks @loader_path/Frameworks";
				PRODUCT_BUNDLE_IDENTIFIER = "com.andre.voicebank-ios-wrapperUITests";
				PRODUCT_NAME = "$(TARGET_NAME)";
				SWIFT_VERSION = 3.0;
				TEST_TARGET_NAME = "voicebank-ios-wrapper";
			};
			name = Release;
		};
/* End XCBuildConfiguration section */

/* Begin XCConfigurationList section */
		3E0027C51EC3C7860050B4AC /* Build configuration list for PBXProject "voicebank-ios-wrapper" */ = {
			isa = XCConfigurationList;
			buildConfigurations = (
				3E0027F01EC3C7870050B4AC /* Debug */,
				3E0027F11EC3C7870050B4AC /* Release */,
			);
			defaultConfigurationIsVisible = 0;
			defaultConfigurationName = Release;
		};
		3E0027F21EC3C7870050B4AC /* Build configuration list for PBXNativeTarget "voicebank-ios-wrapper" */ = {
			isa = XCConfigurationList;
			buildConfigurations = (
				3E0027F31EC3C7870050B4AC /* Debug */,
				3E0027F41EC3C7870050B4AC /* Release */,
			);
			defaultConfigurationIsVisible = 0;
			defaultConfigurationName = Release;
		};
		3E0027F51EC3C7870050B4AC /* Build configuration list for PBXNativeTarget "voicebank-ios-wrapperTests" */ = {
			isa = XCConfigurationList;
			buildConfigurations = (
				3E0027F61EC3C7870050B4AC /* Debug */,
				3E0027F71EC3C7870050B4AC /* Release */,
			);
			defaultConfigurationIsVisible = 0;
			defaultConfigurationName = Release;
		};
		3E0027F81EC3C7870050B4AC /* Build configuration list for PBXNativeTarget "voicebank-ios-wrapperUITests" */ = {
			isa = XCConfigurationList;
			buildConfigurations = (
				3E0027F91EC3C7870050B4AC /* Debug */,
				3E0027FA1EC3C7870050B4AC /* Release */,
			);
			defaultConfigurationIsVisible = 0;
			defaultConfigurationName = Release;
		};
/* End XCConfigurationList section */
	};
	rootObject = 3E0027C21EC3C7860050B4AC /* Project object */;
}
